// !$*UTF8*$!
{
	archiveVersion = 1;
	classes = {
	};
	objectVersion = 54;
	objects = {

/* Begin PBXBuildFile section */
		2FAD9763203C412B000D30F8 /* config.xml in Resources */ = {isa = PBXBuildFile; fileRef = 2FAD9762203C412B000D30F8 /* config.xml */; };
		3110E7E1ADE214AC8F7C6A63 /* CapacitorTokenLoader.swift in Sources */ = {isa = PBXBuildFile; fileRef = 1A3BFEAD36359B174E7FE592 /* CapacitorTokenLoader.swift */; };
		315876F02D2FF95600DDA943 /* BuildFile in Resources */ = {isa = PBXBuildFile; };
		3178DEB02D1033FB0084708F /* ExtendendStreamPlugin+ChatNavigationComposition+Extension.swift in Sources */ = {isa = PBXBuildFile; fileRef = 3178DEAF2D1033A40084708F /* ExtendendStreamPlugin+ChatNavigationComposition+Extension.swift */; };
		3178DEB32D105ECA0084708F /* NotificationHandler+CAP+Extension.swift in Sources */ = {isa = PBXBuildFile; fileRef = 3178DEB22D105EA20084708F /* NotificationHandler+CAP+Extension.swift */; };
		31B020D82CE25C6800198BDB /* NotificationHandler.swift in Sources */ = {isa = PBXBuildFile; fileRef = 31B020D72CE25C6700198BDB /* NotificationHandler.swift */; };
		31B020DA2CE25C8600198BDB /* LaunchAction.swift in Sources */ = {isa = PBXBuildFile; fileRef = 31B020D92CE25C8300198BDB /* LaunchAction.swift */; };
		3D0E8A4A25F65E9B0039E3FC /* FacebookOAuth2Handler.swift in Sources */ = {isa = PBXBuildFile; fileRef = 3D0E8A4925F65E9B0039E3FC /* FacebookOAuth2Handler.swift */; };
		3DE196A726307EF100994AB9 /* GoogleService-Info.plist in Resources */ = {isa = PBXBuildFile; fileRef = 3DE196A626307EF100994AB9 /* GoogleService-Info.plist */; };
		4511D14428CB7D99001961E4 /* ExtendedBranchPlugin.swift in Sources */ = {isa = PBXBuildFile; fileRef = 4511D14328CB7D99001961E4 /* ExtendedBranchPlugin.swift */; };
		4511D14728CB7F9C001961E4 /* ExtendedBranchPlugin.m in Sources */ = {isa = PBXBuildFile; fileRef = 4511D14628CB7F9C001961E4 /* ExtendedBranchPlugin.m */; };
		4525C7872BEA2AA700DC197F /* BranchDeepLinks.swift in Sources */ = {isa = PBXBuildFile; fileRef = 4525C7862BEA2AA700DC197F /* BranchDeepLinks.swift */; };
		45A8C3212BFE2DF1008AC7B8 /* ExtendedStreamPlugin.swift in Sources */ = {isa = PBXBuildFile; fileRef = 45A8C3202BFE2DF1008AC7B8 /* ExtendedStreamPlugin.swift */; };
		45B61B8C2BE4C8E700B2EC61 /* Poppins-MediumItalic.ttf in Resources */ = {isa = PBXBuildFile; fileRef = 45B61B822BE4C8E700B2EC61 /* Poppins-MediumItalic.ttf */; };
		45B61B8D2BE4C8E700B2EC61 /* Poppins-SemiBoldItalic.ttf in Resources */ = {isa = PBXBuildFile; fileRef = 45B61B832BE4C8E700B2EC61 /* Poppins-SemiBoldItalic.ttf */; };
		45B61B8E2BE4C8E700B2EC61 /* Poppins-Medium.ttf in Resources */ = {isa = PBXBuildFile; fileRef = 45B61B842BE4C8E700B2EC61 /* Poppins-Medium.ttf */; };
		45B61B8F2BE4C8E700B2EC61 /* Poppins-Regular.ttf in Resources */ = {isa = PBXBuildFile; fileRef = 45B61B852BE4C8E700B2EC61 /* Poppins-Regular.ttf */; };
		45B61B902BE4C8E700B2EC61 /* Poppins-Bold.ttf in Resources */ = {isa = PBXBuildFile; fileRef = 45B61B862BE4C8E700B2EC61 /* Poppins-Bold.ttf */; };
		45B61B912BE4C8E700B2EC61 /* Poppins-Light.ttf in Resources */ = {isa = PBXBuildFile; fileRef = 45B61B872BE4C8E700B2EC61 /* Poppins-Light.ttf */; };
		45B61B922BE4C8E700B2EC61 /* Poppins-Italic.ttf in Resources */ = {isa = PBXBuildFile; fileRef = 45B61B882BE4C8E700B2EC61 /* Poppins-Italic.ttf */; };
		45B61B932BE4C8E700B2EC61 /* Poppins-LightItalic.ttf in Resources */ = {isa = PBXBuildFile; fileRef = 45B61B892BE4C8E700B2EC61 /* Poppins-LightItalic.ttf */; };
		45B61B942BE4C8E700B2EC61 /* Poppins-BoldItalic.ttf in Resources */ = {isa = PBXBuildFile; fileRef = 45B61B8A2BE4C8E700B2EC61 /* Poppins-BoldItalic.ttf */; };
		45B61B952BE4C8E700B2EC61 /* Poppins-SemiBold.ttf in Resources */ = {isa = PBXBuildFile; fileRef = 45B61B8B2BE4C8E700B2EC61 /* Poppins-SemiBold.ttf */; };
		45DDDB7228DC526D002BFCE9 /* ExtendedFacebookPlugin.swift in Sources */ = {isa = PBXBuildFile; fileRef = 45DDDB7128DC526D002BFCE9 /* ExtendedFacebookPlugin.swift */; };
		45DDDB7428DC527A002BFCE9 /* ExtendedFacebookPlugin.m in Sources */ = {isa = PBXBuildFile; fileRef = 45DDDB7328DC527A002BFCE9 /* ExtendedFacebookPlugin.m */; };
		50379B232058CBB4000EE86E /* capacitor.config.json in Resources */ = {isa = PBXBuildFile; fileRef = 50379B222058CBB4000EE86E /* capacitor.config.json */; };
		504EC3081FED79650016851F /* AppDelegate.swift in Sources */ = {isa = PBXBuildFile; fileRef = 504EC3071FED79650016851F /* AppDelegate.swift */; };
		504EC30D1FED79650016851F /* Main.storyboard in Resources */ = {isa = PBXBuildFile; fileRef = 504EC30B1FED79650016851F /* Main.storyboard */; };
		504EC30F1FED79650016851F /* Assets.xcassets in Resources */ = {isa = PBXBuildFile; fileRef = 504EC30E1FED79650016851F /* Assets.xcassets */; };
		504EC3121FED79650016851F /* LaunchScreen.storyboard in Resources */ = {isa = PBXBuildFile; fileRef = 504EC3101FED79650016851F /* LaunchScreen.storyboard */; };
		507AA1A4E46266322DBCCD73 /* CurrentUserDelegate+StreamUserDelegate+Extension.swift in Sources */ = {isa = PBXBuildFile; fileRef = ABE0716230DB7D590E949544 /* CurrentUserDelegate+StreamUserDelegate+Extension.swift */; };
		8241647BA9E39D96D0026458 /* CAPKeychainLoader.swift in Sources */ = {isa = PBXBuildFile; fileRef = 1374B7E8AE3D71FB4C1EE1EA /* CAPKeychainLoader.swift */; };
		D45CBB5DEB4C700F8777A7A9 /* Pods_App.framework in Frameworks */ = {isa = PBXBuildFile; fileRef = B62611874C1DB9F73AC618CE /* Pods_App.framework */; };
		D740490D2D56323B00AAB2C1 /* MainViewController.swift in Sources */ = {isa = PBXBuildFile; fileRef = D740490C2D56322F00AAB2C1 /* MainViewController.swift */; };
		D793A0B82D478809008AAD5A /* AmigosChat in Frameworks */ = {isa = PBXBuildFile; productRef = D793A0B72D478809008AAD5A /* AmigosChat */; };
		DF04072BB2FB3498AEE664F7 /* CurrentUserModel.swift in Sources */ = {isa = PBXBuildFile; fileRef = 2E58E14D133ABA03CF36A375 /* CurrentUserModel.swift */; };
		EFCFF896C3A60B275773EBD5 /* ChatPushConfig.swift in Sources */ = {isa = PBXBuildFile; fileRef = 987AB422F4757C09B4931227 /* ChatPushConfig.swift */; };
		F5F144D9235724241F1D94C9 /* ShareLocationMapView.swift in Sources */ = {isa = PBXBuildFile; fileRef = EA7040E356CBD8481381C58D /* ShareLocationMapView.swift */; };
		FE9E807327A2A43C00360DFF /* public in Resources */ = {isa = PBXBuildFile; fileRef = FE9E807227A2A43C00360DFF /* public */; };
/* End PBXBuildFile section */

/* Begin PBXFileReference section */
		1374B7E8AE3D71FB4C1EE1EA /* CAPKeychainLoader.swift */ = {isa = PBXFileReference; lastKnownFileType = sourcecode.swift; path = CAPKeychainLoader.swift; sourceTree = "<group>"; };
		1A3BFEAD36359B174E7FE592 /* CapacitorTokenLoader.swift */ = {isa = PBXFileReference; lastKnownFileType = sourcecode.swift; path = CapacitorTokenLoader.swift; sourceTree = "<group>"; };
		2E58E14D133ABA03CF36A375 /* CurrentUserModel.swift */ = {isa = PBXFileReference; lastKnownFileType = sourcecode.swift; path = CurrentUserModel.swift; sourceTree = "<group>"; };
		2FAD9762203C412B000D30F8 /* config.xml */ = {isa = PBXFileReference; lastKnownFileType = text.xml; path = config.xml; sourceTree = "<group>"; };
		3178DEAF2D1033A40084708F /* ExtendendStreamPlugin+ChatNavigationComposition+Extension.swift */ = {isa = PBXFileReference; lastKnownFileType = sourcecode.swift; path = "ExtendendStreamPlugin+ChatNavigationComposition+Extension.swift"; sourceTree = "<group>"; };
		3178DEB22D105EA20084708F /* NotificationHandler+CAP+Extension.swift */ = {isa = PBXFileReference; lastKnownFileType = sourcecode.swift; path = "NotificationHandler+CAP+Extension.swift"; sourceTree = "<group>"; };
		31B020D72CE25C6700198BDB /* NotificationHandler.swift */ = {isa = PBXFileReference; lastKnownFileType = sourcecode.swift; path = NotificationHandler.swift; sourceTree = "<group>"; };
		31B020D92CE25C8300198BDB /* LaunchAction.swift */ = {isa = PBXFileReference; lastKnownFileType = sourcecode.swift; path = LaunchAction.swift; sourceTree = "<group>"; };
		3D0E8A4925F65E9B0039E3FC /* FacebookOAuth2Handler.swift */ = {isa = PBXFileReference; lastKnownFileType = sourcecode.swift; path = FacebookOAuth2Handler.swift; sourceTree = "<group>"; };
		3DD0638F2611D66C0007D6C7 /* App.entitlements */ = {isa = PBXFileReference; lastKnownFileType = text.plist.entitlements; path = App.entitlements; sourceTree = "<group>"; };
		3DE196A626307EF100994AB9 /* GoogleService-Info.plist */ = {isa = PBXFileReference; fileEncoding = 4; lastKnownFileType = text.plist.xml; path = "GoogleService-Info.plist"; sourceTree = "<group>"; };
		4511D14328CB7D99001961E4 /* ExtendedBranchPlugin.swift */ = {isa = PBXFileReference; lastKnownFileType = sourcecode.swift; path = ExtendedBranchPlugin.swift; sourceTree = "<group>"; };
		4511D14528CB7F9C001961E4 /* App-Bridging-Header.h */ = {isa = PBXFileReference; lastKnownFileType = sourcecode.c.h; path = "App-Bridging-Header.h"; sourceTree = "<group>"; };
		4511D14628CB7F9C001961E4 /* ExtendedBranchPlugin.m */ = {isa = PBXFileReference; lastKnownFileType = sourcecode.c.objc; path = ExtendedBranchPlugin.m; sourceTree = "<group>"; };
		4525C7862BEA2AA700DC197F /* BranchDeepLinks.swift */ = {isa = PBXFileReference; lastKnownFileType = sourcecode.swift; path = BranchDeepLinks.swift; sourceTree = "<group>"; };
		4562792D2C6E119500AF2B7E /* nl */ = {isa = PBXFileReference; lastKnownFileType = text.plist.strings; name = nl; path = nl.lproj/Localizable.strings; sourceTree = "<group>"; };
		456279342C6E478E00AF2B7E /* en */ = {isa = PBXFileReference; lastKnownFileType = text.plist.strings; name = en; path = en.lproj/Localizable.strings; sourceTree = "<group>"; };
		456279352C6E47EC00AF2B7E /* es */ = {isa = PBXFileReference; lastKnownFileType = text.plist.strings; name = es; path = es.lproj/Localizable.strings; sourceTree = "<group>"; };
		456279382C6E4CF800AF2B7E /* de */ = {isa = PBXFileReference; lastKnownFileType = text.plist.strings; name = de; path = de.lproj/Localizable.strings; sourceTree = "<group>"; };
		4562793A2C6E4D4400AF2B7E /* pl */ = {isa = PBXFileReference; lastKnownFileType = text.plist.strings; name = pl; path = pl.lproj/Localizable.strings; sourceTree = "<group>"; };
		4562793C2C6E4D4F00AF2B7E /* ko */ = {isa = PBXFileReference; lastKnownFileType = text.plist.strings; name = ko; path = ko.lproj/Localizable.strings; sourceTree = "<group>"; };
		45A8C3202BFE2DF1008AC7B8 /* ExtendedStreamPlugin.swift */ = {isa = PBXFileReference; lastKnownFileType = sourcecode.swift; path = ExtendedStreamPlugin.swift; sourceTree = "<group>"; };
		45B61B822BE4C8E700B2EC61 /* Poppins-MediumItalic.ttf */ = {isa = PBXFileReference; lastKnownFileType = file; path = "Poppins-MediumItalic.ttf"; sourceTree = "<group>"; };
		45B61B832BE4C8E700B2EC61 /* Poppins-SemiBoldItalic.ttf */ = {isa = PBXFileReference; lastKnownFileType = file; path = "Poppins-SemiBoldItalic.ttf"; sourceTree = "<group>"; };
		45B61B842BE4C8E700B2EC61 /* Poppins-Medium.ttf */ = {isa = PBXFileReference; lastKnownFileType = file; path = "Poppins-Medium.ttf"; sourceTree = "<group>"; };
		45B61B852BE4C8E700B2EC61 /* Poppins-Regular.ttf */ = {isa = PBXFileReference; lastKnownFileType = file; path = "Poppins-Regular.ttf"; sourceTree = "<group>"; };
		45B61B862BE4C8E700B2EC61 /* Poppins-Bold.ttf */ = {isa = PBXFileReference; lastKnownFileType = file; path = "Poppins-Bold.ttf"; sourceTree = "<group>"; };
		45B61B872BE4C8E700B2EC61 /* Poppins-Light.ttf */ = {isa = PBXFileReference; lastKnownFileType = file; path = "Poppins-Light.ttf"; sourceTree = "<group>"; };
		45B61B882BE4C8E700B2EC61 /* Poppins-Italic.ttf */ = {isa = PBXFileReference; lastKnownFileType = file; path = "Poppins-Italic.ttf"; sourceTree = "<group>"; };
		45B61B892BE4C8E700B2EC61 /* Poppins-LightItalic.ttf */ = {isa = PBXFileReference; lastKnownFileType = file; path = "Poppins-LightItalic.ttf"; sourceTree = "<group>"; };
		45B61B8A2BE4C8E700B2EC61 /* Poppins-BoldItalic.ttf */ = {isa = PBXFileReference; lastKnownFileType = file; path = "Poppins-BoldItalic.ttf"; sourceTree = "<group>"; };
		45B61B8B2BE4C8E700B2EC61 /* Poppins-SemiBold.ttf */ = {isa = PBXFileReference; lastKnownFileType = file; path = "Poppins-SemiBold.ttf"; sourceTree = "<group>"; };
		45DDDB7128DC526D002BFCE9 /* ExtendedFacebookPlugin.swift */ = {isa = PBXFileReference; lastKnownFileType = sourcecode.swift; path = ExtendedFacebookPlugin.swift; sourceTree = "<group>"; };
		45DDDB7328DC527A002BFCE9 /* ExtendedFacebookPlugin.m */ = {isa = PBXFileReference; lastKnownFileType = sourcecode.c.objc; path = ExtendedFacebookPlugin.m; sourceTree = "<group>"; };
		50379B222058CBB4000EE86E /* capacitor.config.json */ = {isa = PBXFileReference; fileEncoding = 4; lastKnownFileType = text.json; path = capacitor.config.json; sourceTree = "<group>"; };
		504EC3041FED79650016851F /* App.app */ = {isa = PBXFileReference; explicitFileType = wrapper.application; includeInIndex = 0; path = App.app; sourceTree = BUILT_PRODUCTS_DIR; };
		504EC3071FED79650016851F /* AppDelegate.swift */ = {isa = PBXFileReference; lastKnownFileType = sourcecode.swift; path = AppDelegate.swift; sourceTree = "<group>"; };
		504EC30C1FED79650016851F /* Base */ = {isa = PBXFileReference; lastKnownFileType = file.storyboard; name = Base; path = Base.lproj/Main.storyboard; sourceTree = "<group>"; };
		504EC30E1FED79650016851F /* Assets.xcassets */ = {isa = PBXFileReference; lastKnownFileType = folder.assetcatalog; path = Assets.xcassets; sourceTree = "<group>"; };
		504EC3111FED79650016851F /* Base */ = {isa = PBXFileReference; lastKnownFileType = file.storyboard; name = Base; path = Base.lproj/LaunchScreen.storyboard; sourceTree = "<group>"; };
		504EC3131FED79650016851F /* Info.plist */ = {isa = PBXFileReference; lastKnownFileType = text.plist.xml; path = Info.plist; sourceTree = "<group>"; };
		5CA3C1995500D8E91FB7772D /* Pods-App.debug.xcconfig */ = {isa = PBXFileReference; includeInIndex = 1; lastKnownFileType = text.xcconfig; name = "Pods-App.debug.xcconfig"; path = "Target Support Files/Pods-App/Pods-App.debug.xcconfig"; sourceTree = "<group>"; };
		987AB422F4757C09B4931227 /* ChatPushConfig.swift */ = {isa = PBXFileReference; lastKnownFileType = sourcecode.swift; path = ChatPushConfig.swift; sourceTree = "<group>"; };
		ABE0716230DB7D590E949544 /* CurrentUserDelegate+StreamUserDelegate+Extension.swift */ = {isa = PBXFileReference; lastKnownFileType = sourcecode.swift; path = "CurrentUserDelegate+StreamUserDelegate+Extension.swift"; sourceTree = "<group>"; };
		B62611874C1DB9F73AC618CE /* Pods_App.framework */ = {isa = PBXFileReference; explicitFileType = wrapper.framework; includeInIndex = 0; path = Pods_App.framework; sourceTree = BUILT_PRODUCTS_DIR; };
		D70765C1FC7C2F834D68B5F2 /* Pods-App.release.xcconfig */ = {isa = PBXFileReference; includeInIndex = 1; lastKnownFileType = text.xcconfig; name = "Pods-App.release.xcconfig"; path = "Target Support Files/Pods-App/Pods-App.release.xcconfig"; sourceTree = "<group>"; };
		D740490C2D56322F00AAB2C1 /* MainViewController.swift */ = {isa = PBXFileReference; lastKnownFileType = sourcecode.swift; path = MainViewController.swift; sourceTree = "<group>"; };
		EA7040E356CBD8481381C58D /* ShareLocationMapView.swift */ = {isa = PBXFileReference; lastKnownFileType = sourcecode.swift; path = ShareLocationMapView.swift; sourceTree = "<group>"; };
		FE8E1DA3261F364A00AB9CB7 /* AppRelease.entitlements */ = {isa = PBXFileReference; lastKnownFileType = text.plist.entitlements; path = AppRelease.entitlements; sourceTree = "<group>"; };
		FE9E807227A2A43C00360DFF /* public */ = {isa = PBXFileReference; lastKnownFileType = folder; path = public; sourceTree = "<group>"; };
/* End PBXFileReference section */

/* Begin PBXFrameworksBuildPhase section */
		504EC3011FED79650016851F /* Frameworks */ = {
			isa = PBXFrameworksBuildPhase;
			buildActionMask = 2147483647;
			files = (
				D793A0B82D478809008AAD5A /* AmigosChat in Frameworks */,
				D45CBB5DEB4C700F8777A7A9 /* Pods_App.framework in Frameworks */,
			);
			runOnlyForDeploymentPostprocessing = 0;
		};
/* End PBXFrameworksBuildPhase section */

/* Begin PBXGroup section */
		2202CC72E50A5C7B7789ED71 /* Pods */ = {
			isa = PBXGroup;
			children = (
				5CA3C1995500D8E91FB7772D /* Pods-App.debug.xcconfig */,
				D70765C1FC7C2F834D68B5F2 /* Pods-App.release.xcconfig */,
			);
			path = Pods;
			sourceTree = "<group>";
		};
		31B020D62CE25C3400198BDB /* NotificationHandler */ = {
			isa = PBXGroup;
			children = (
				3178DEB22D105EA20084708F /* NotificationHandler+CAP+Extension.swift */,
				31B020D92CE25C8300198BDB /* LaunchAction.swift */,
				31B020D72CE25C6700198BDB /* NotificationHandler.swift */,
			);
			path = NotificationHandler;
			sourceTree = "<group>";
		};
		45B61B812BE4C8C700B2EC61 /* Fonts */ = {
			isa = PBXGroup;
			children = (
				45B61B862BE4C8E700B2EC61 /* Poppins-Bold.ttf */,
				45B61B8A2BE4C8E700B2EC61 /* Poppins-BoldItalic.ttf */,
				45B61B882BE4C8E700B2EC61 /* Poppins-Italic.ttf */,
				45B61B872BE4C8E700B2EC61 /* Poppins-Light.ttf */,
				45B61B892BE4C8E700B2EC61 /* Poppins-LightItalic.ttf */,
				45B61B842BE4C8E700B2EC61 /* Poppins-Medium.ttf */,
				45B61B822BE4C8E700B2EC61 /* Poppins-MediumItalic.ttf */,
				45B61B852BE4C8E700B2EC61 /* Poppins-Regular.ttf */,
				45B61B8B2BE4C8E700B2EC61 /* Poppins-SemiBold.ttf */,
				45B61B832BE4C8E700B2EC61 /* Poppins-SemiBoldItalic.ttf */,
			);
			path = Fonts;
			sourceTree = "<group>";
		};
		504EC2FB1FED79650016851F = {
			isa = PBXGroup;
			children = (
				504EC3061FED79650016851F /* App */,
				504EC3051FED79650016851F /* Products */,
				2202CC72E50A5C7B7789ED71 /* Pods */,
				FFF9CFE96C36CF04DBF4EF19 /* Frameworks */,
			);
			sourceTree = "<group>";
		};
		504EC3051FED79650016851F /* Products */ = {
			isa = PBXGroup;
			children = (
				504EC3041FED79650016851F /* App.app */,
			);
			name = Products;
			sourceTree = "<group>";
		};
		504EC3061FED79650016851F /* App */ = {
			isa = PBXGroup;
			children = (
				31B020D62CE25C3400198BDB /* NotificationHandler */,
				45B61B812BE4C8C700B2EC61 /* Fonts */,
				FE9E807227A2A43C00360DFF /* public */,
				3DE196A626307EF100994AB9 /* GoogleService-Info.plist */,
				FE8E1DA3261F364A00AB9CB7 /* AppRelease.entitlements */,
				3DD0638F2611D66C0007D6C7 /* App.entitlements */,
				504EC30E1FED79650016851F /* Assets.xcassets */,
				504EC3071FED79650016851F /* AppDelegate.swift */,
				504EC30B1FED79650016851F /* Main.storyboard */,
				504EC3101FED79650016851F /* LaunchScreen.storyboard */,
				50379B222058CBB4000EE86E /* capacitor.config.json */,
				504EC3131FED79650016851F /* Info.plist */,
				2FAD9762203C412B000D30F8 /* config.xml */,
				D740490C2D56322F00AAB2C1 /* MainViewController.swift */,
				45A8C3202BFE2DF1008AC7B8 /* ExtendedStreamPlugin.swift */,
				4511D14328CB7D99001961E4 /* ExtendedBranchPlugin.swift */,
				4511D14628CB7F9C001961E4 /* ExtendedBranchPlugin.m */,
				4525C7862BEA2AA700DC197F /* BranchDeepLinks.swift */,
				3D0E8A4925F65E9B0039E3FC /* FacebookOAuth2Handler.swift */,
				45DDDB7128DC526D002BFCE9 /* ExtendedFacebookPlugin.swift */,
				45DDDB7328DC527A002BFCE9 /* ExtendedFacebookPlugin.m */,
				4511D14528CB7F9C001961E4 /* App-Bridging-Header.h */,
				BE870E5FFB84E7BF36B5F28A /* App+Chat */,
			);
			path = App;
			sourceTree = "<group>";
		};
		BE870E5FFB84E7BF36B5F28A /* App+Chat */ = {
			isa = PBXGroup;
			children = (
				1374B7E8AE3D71FB4C1EE1EA /* CAPKeychainLoader.swift */,
				2E58E14D133ABA03CF36A375 /* CurrentUserModel.swift */,
				1A3BFEAD36359B174E7FE592 /* CapacitorTokenLoader.swift */,
				987AB422F4757C09B4931227 /* ChatPushConfig.swift */,
				ABE0716230DB7D590E949544 /* CurrentUserDelegate+StreamUserDelegate+Extension.swift */,
				3178DEAF2D1033A40084708F /* ExtendendStreamPlugin+ChatNavigationComposition+Extension.swift */,
				EA7040E356CBD8481381C58D /* ShareLocationMapView.swift */,
			);
			path = "App+Chat";
			sourceTree = "<group>";
		};
		FFF9CFE96C36CF04DBF4EF19 /* Frameworks */ = {
			isa = PBXGroup;
			children = (
				B62611874C1DB9F73AC618CE /* Pods_App.framework */,
			);
			name = Frameworks;
			sourceTree = "<group>";
		};
/* End PBXGroup section */

/* Begin PBXNativeTarget section */
		504EC3031FED79650016851F /* App */ = {
			isa = PBXNativeTarget;
			buildConfigurationList = 504EC3161FED79650016851F /* Build configuration list for PBXNativeTarget "App" */;
			buildPhases = (
				53FEF7389CEE57A1634F9F66 /* [CP] Check Pods Manifest.lock */,
				504EC3001FED79650016851F /* Sources */,
				504EC3011FED79650016851F /* Frameworks */,
				504EC3021FED79650016851F /* Resources */,
				31194AFE2CFF5A6A00E008D4 /* ShellScript */,
				59321AE5034EAB7C2C0BC59A /* [CP] Embed Pods Frameworks */,
				965E003822A444BA436952E8 /* [CP] Copy Pods Resources */,
			);
			buildRules = (
			);
			dependencies = (
			);
			name = App;
			packageProductDependencies = (
				D793A0B72D478809008AAD5A /* AmigosChat */,
			);
			productName = App;
			productReference = 504EC3041FED79650016851F /* App.app */;
			productType = "com.apple.product-type.application";
		};
/* End PBXNativeTarget section */

/* Begin PBXProject section */
		504EC2FC1FED79650016851F /* Project object */ = {
			isa = PBXProject;
			attributes = {
				LastSwiftUpdateCheck = 1520;
				LastUpgradeCheck = 0920;
				TargetAttributes = {
					504EC3031FED79650016851F = {
						CreatedOnToolsVersion = 9.2;
						LastSwiftMigration = 1340;
						ProvisioningStyle = Automatic;
					};
				};
			};
			buildConfigurationList = 504EC2FF1FED79650016851F /* Build configuration list for PBXProject "App" */;
			compatibilityVersion = "Xcode 8.0";
			developmentRegion = nl;
			hasScannedForEncodings = 0;
			knownRegions = (
				Base,
				nl,
				en,
				es,
				de,
				pl,
				ko,
			);
			mainGroup = 504EC2FB1FED79650016851F;
			productRefGroup = 504EC3051FED79650016851F /* Products */;
			projectDirPath = "";
			projectRoot = "";
			targets = (
				504EC3031FED79650016851F /* App */,
			);
		};
/* End PBXProject section */

/* Begin PBXResourcesBuildPhase section */
		504EC3021FED79650016851F /* Resources */ = {
			isa = PBXResourcesBuildPhase;
			buildActionMask = 2147483647;
			files = (
				504EC3121FED79650016851F /* LaunchScreen.storyboard in Resources */,
				45B61B932BE4C8E700B2EC61 /* Poppins-LightItalic.ttf in Resources */,
				45B61B912BE4C8E700B2EC61 /* Poppins-Light.ttf in Resources */,
				45B61B922BE4C8E700B2EC61 /* Poppins-Italic.ttf in Resources */,
				45B61B8C2BE4C8E700B2EC61 /* Poppins-MediumItalic.ttf in Resources */,
				504EC30F1FED79650016851F /* Assets.xcassets in Resources */,
				50379B232058CBB4000EE86E /* capacitor.config.json in Resources */,
				504EC30D1FED79650016851F /* Main.storyboard in Resources */,
				45B61B8D2BE4C8E700B2EC61 /* Poppins-SemiBoldItalic.ttf in Resources */,
				2FAD9763203C412B000D30F8 /* config.xml in Resources */,
				45B61B902BE4C8E700B2EC61 /* Poppins-Bold.ttf in Resources */,
				3DE196A726307EF100994AB9 /* GoogleService-Info.plist in Resources */,
				45B61B8F2BE4C8E700B2EC61 /* Poppins-Regular.ttf in Resources */,
				FE9E807327A2A43C00360DFF /* public in Resources */,
				45B61B8E2BE4C8E700B2EC61 /* Poppins-Medium.ttf in Resources */,
				315876F02D2FF95600DDA943 /* BuildFile in Resources */,
				45B61B942BE4C8E700B2EC61 /* Poppins-BoldItalic.ttf in Resources */,
				45B61B952BE4C8E700B2EC61 /* Poppins-SemiBold.ttf in Resources */,
			);
			runOnlyForDeploymentPostprocessing = 0;
		};
/* End PBXResourcesBuildPhase section */

/* Begin PBXShellScriptBuildPhase section */
		31194AFE2CFF5A6A00E008D4 /* ShellScript */ = {
			isa = PBXShellScriptBuildPhase;
			alwaysOutOfDate = 1;
			buildActionMask = 2147483647;
			files = (
			);
			inputFileListPaths = (
			);
			inputPaths = (
			);
			outputFileListPaths = (
			);
			outputPaths = (
			);
			runOnlyForDeploymentPostprocessing = 0;
			shellPath = /bin/sh;
			shellScript = "if [[ \"$(uname -m)\" == arm64 ]]\nthen\n    export PATH=\"/opt/homebrew/bin:$PATH\"\nfi\n\nif command -v swiftlint >/dev/null 2>&1\nthen\n    swiftlint\nelse\n    echo \"warning: `swiftlint` command not found - See https://github.com/realm/SwiftLint#installation for installation instructions.\"\nfi\n";
		};
		53FEF7389CEE57A1634F9F66 /* [CP] Check Pods Manifest.lock */ = {
			isa = PBXShellScriptBuildPhase;
			buildActionMask = 2147483647;
			files = (
			);
			inputFileListPaths = (
			);
			inputPaths = (
				"${PODS_PODFILE_DIR_PATH}/Podfile.lock",
				"${PODS_ROOT}/Manifest.lock",
			);
			name = "[CP] Check Pods Manifest.lock";
			outputFileListPaths = (
			);
			outputPaths = (
				"$(DERIVED_FILE_DIR)/Pods-App-checkManifestLockResult.txt",
			);
			runOnlyForDeploymentPostprocessing = 0;
			shellPath = /bin/sh;
			shellScript = "diff \"${PODS_PODFILE_DIR_PATH}/Podfile.lock\" \"${PODS_ROOT}/Manifest.lock\" > /dev/null\nif [ $? != 0 ] ; then\n    # print error to STDERR\n    echo \"error: The sandbox is not in sync with the Podfile.lock. Run 'pod install' or update your CocoaPods installation.\" >&2\n    exit 1\nfi\n# This output is used by Xcode 'outputs' to avoid re-running this script phase.\necho \"SUCCESS\" > \"${SCRIPT_OUTPUT_FILE_0}\"\n";
			showEnvVarsInLog = 0;
		};
		59321AE5034EAB7C2C0BC59A /* [CP] Embed Pods Frameworks */ = {
			isa = PBXShellScriptBuildPhase;
			buildActionMask = 2147483647;
			files = (
			);
			inputPaths = (
			);
			name = "[CP] Embed Pods Frameworks";
			outputPaths = (
			);
			runOnlyForDeploymentPostprocessing = 0;
			shellPath = /bin/sh;
			shellScript = "\"${PODS_ROOT}/Target Support Files/Pods-App/Pods-App-frameworks.sh\"\n";
			showEnvVarsInLog = 0;
		};
		965E003822A444BA436952E8 /* [CP] Copy Pods Resources */ = {
			isa = PBXShellScriptBuildPhase;
			buildActionMask = 2147483647;
			files = (
			);
			inputPaths = (
			);
			name = "[CP] Copy Pods Resources";
			outputPaths = (
			);
			runOnlyForDeploymentPostprocessing = 0;
			shellPath = /bin/sh;
			shellScript = "\"${PODS_ROOT}/Target Support Files/Pods-App/Pods-App-resources.sh\"\n";
			showEnvVarsInLog = 0;
		};
/* End PBXShellScriptBuildPhase section */

/* Begin PBXSourcesBuildPhase section */
		504EC3001FED79650016851F /* Sources */ = {
			isa = PBXSourcesBuildPhase;
			buildActionMask = 2147483647;
			files = (
				4525C7872BEA2AA700DC197F /* BranchDeepLinks.swift in Sources */,
				504EC3081FED79650016851F /* AppDelegate.swift in Sources */,
				45DDDB7228DC526D002BFCE9 /* ExtendedFacebookPlugin.swift in Sources */,
				504EC3081FED79650016851F /* AppDelegate.swift in Sources */,
				31B020DA2CE25C8600198BDB /* LaunchAction.swift in Sources */,
				3178DEB32D105ECA0084708F /* NotificationHandler+CAP+Extension.swift in Sources */,
				45DDDB7228DC526D002BFCE9 /* ExtendedFacebookPlugin.swift in Sources */,
				4511D14428CB7D99001961E4 /* ExtendedBranchPlugin.swift in Sources */,
				3D0E8A4A25F65E9B0039E3FC /* FacebookOAuth2Handler.swift in Sources */,
				45A8C3212BFE2DF1008AC7B8 /* ExtendedStreamPlugin.swift in Sources */,
				3178DEB02D1033FB0084708F /* ExtendendStreamPlugin+ChatNavigationComposition+Extension.swift in Sources */,
				4511D14728CB7F9C001961E4 /* ExtendedBranchPlugin.m in Sources */,
				31B020D82CE25C6800198BDB /* NotificationHandler.swift in Sources */,
				45DDDB7428DC527A002BFCE9 /* ExtendedFacebookPlugin.m in Sources */,
				3110E7E1ADE214AC8F7C6A63 /* CapacitorTokenLoader.swift in Sources */,
				507AA1A4E46266322DBCCD73 /* CurrentUserDelegate+StreamUserDelegate+Extension.swift in Sources */,
				EFCFF896C3A60B275773EBD5 /* ChatPushConfig.swift in Sources */,
				DF04072BB2FB3498AEE664F7 /* CurrentUserModel.swift in Sources */,
				8241647BA9E39D96D0026458 /* CAPKeychainLoader.swift in Sources */,
				D740490D2D56323B00AAB2C1 /* MainViewController.swift in Sources */,
				F5F144D9235724241F1D94C9 /* ShareLocationMapView.swift in Sources */,
			);
			runOnlyForDeploymentPostprocessing = 0;
		};
/* End PBXSourcesBuildPhase section */

/* Begin PBXVariantGroup section */
		504EC30B1FED79650016851F /* Main.storyboard */ = {
			isa = PBXVariantGroup;
			children = (
				504EC30C1FED79650016851F /* Base */,
				4562792D2C6E119500AF2B7E /* nl */,
				456279342C6E478E00AF2B7E /* en */,
				456279352C6E47EC00AF2B7E /* es */,
				456279382C6E4CF800AF2B7E /* de */,
				4562793A2C6E4D4400AF2B7E /* pl */,
				4562793C2C6E4D4F00AF2B7E /* ko */,
			);
			name = Main.storyboard;
			sourceTree = "<group>";
		};
		504EC3101FED79650016851F /* LaunchScreen.storyboard */ = {
			isa = PBXVariantGroup;
			children = (
				504EC3111FED79650016851F /* Base */,
			);
			name = LaunchScreen.storyboard;
			sourceTree = "<group>";
		};
/* End PBXVariantGroup section */

/* Begin XCBuildConfiguration section */
		504EC3141FED79650016851F /* Debug */ = {
			isa = XCBuildConfiguration;
			buildSettings = {
				ALWAYS_SEARCH_USER_PATHS = NO;
				CLANG_ANALYZER_LOCALIZABILITY_NONLOCALIZED = YES;
				CLANG_ANALYZER_NONNULL = YES;
				CLANG_ANALYZER_NUMBER_OBJECT_CONVERSION = YES_AGGRESSIVE;
				CLANG_CXX_LANGUAGE_STANDARD = "gnu++14";
				CLANG_CXX_LIBRARY = "libc++";
				CLANG_ENABLE_MODULES = YES;
				CLANG_ENABLE_OBJC_ARC = YES;
				CLANG_WARN_BLOCK_CAPTURE_AUTORELEASING = YES;
				CLANG_WARN_BOOL_CONVERSION = YES;
				CLANG_WARN_COMMA = YES;
				CLANG_WARN_CONSTANT_CONVERSION = YES;
				CLANG_WARN_DIRECT_OBJC_ISA_USAGE = YES_ERROR;
				CLANG_WARN_DOCUMENTATION_COMMENTS = YES;
				CLANG_WARN_EMPTY_BODY = YES;
				CLANG_WARN_ENUM_CONVERSION = YES;
				CLANG_WARN_INFINITE_RECURSION = YES;
				CLANG_WARN_INT_CONVERSION = YES;
				CLANG_WARN_NON_LITERAL_NULL_CONVERSION = YES;
				CLANG_WARN_OBJC_LITERAL_CONVERSION = YES;
				CLANG_WARN_OBJC_ROOT_CLASS = YES_ERROR;
				CLANG_WARN_RANGE_LOOP_ANALYSIS = YES;
				CLANG_WARN_STRICT_PROTOTYPES = YES;
				CLANG_WARN_SUSPICIOUS_MOVE = YES;
				CLANG_WARN_UNGUARDED_AVAILABILITY = YES_AGGRESSIVE;
				CLANG_WARN_UNREACHABLE_CODE = YES;
				CLANG_WARN__DUPLICATE_METHOD_MATCH = YES;
				CODE_SIGN_IDENTITY = "iPhone Developer";
				COPY_PHASE_STRIP = NO;
				DEBUG_INFORMATION_FORMAT = dwarf;
				ENABLE_BITCODE = NO;
				ENABLE_STRICT_OBJC_MSGSEND = YES;
				ENABLE_TESTABILITY = YES;
				GCC_C_LANGUAGE_STANDARD = gnu11;
				GCC_DYNAMIC_NO_PIC = NO;
				GCC_NO_COMMON_BLOCKS = YES;
				GCC_OPTIMIZATION_LEVEL = 0;
				GCC_PREPROCESSOR_DEFINITIONS = (
					"DEBUG=1",
					"$(inherited)",
				);
				GCC_WARN_64_TO_32_BIT_CONVERSION = YES;
				GCC_WARN_ABOUT_RETURN_TYPE = YES_ERROR;
				GCC_WARN_UNDECLARED_SELECTOR = YES;
				GCC_WARN_UNINITIALIZED_AUTOS = YES_AGGRESSIVE;
				GCC_WARN_UNUSED_FUNCTION = YES;
				GCC_WARN_UNUSED_VARIABLE = YES;
				IPHONEOS_DEPLOYMENT_TARGET = 15.0;
				MTL_ENABLE_DEBUG_INFO = YES;
				ONLY_ACTIVE_ARCH = YES;
				SDKROOT = iphoneos;
				SWIFT_ACTIVE_COMPILATION_CONDITIONS = DEBUG;
				SWIFT_OPTIMIZATION_LEVEL = "-Onone";
			};
			name = Debug;
		};
		504EC3151FED79650016851F /* Release */ = {
			isa = XCBuildConfiguration;
			buildSettings = {
				ALWAYS_SEARCH_USER_PATHS = NO;
				CLANG_ANALYZER_LOCALIZABILITY_NONLOCALIZED = YES;
				CLANG_ANALYZER_NONNULL = YES;
				CLANG_ANALYZER_NUMBER_OBJECT_CONVERSION = YES_AGGRESSIVE;
				CLANG_CXX_LANGUAGE_STANDARD = "gnu++14";
				CLANG_CXX_LIBRARY = "libc++";
				CLANG_ENABLE_MODULES = YES;
				CLANG_ENABLE_OBJC_ARC = YES;
				CLANG_WARN_BLOCK_CAPTURE_AUTORELEASING = YES;
				CLANG_WARN_BOOL_CONVERSION = YES;
				CLANG_WARN_COMMA = YES;
				CLANG_WARN_CONSTANT_CONVERSION = YES;
				CLANG_WARN_DIRECT_OBJC_ISA_USAGE = YES_ERROR;
				CLANG_WARN_DOCUMENTATION_COMMENTS = YES;
				CLANG_WARN_EMPTY_BODY = YES;
				CLANG_WARN_ENUM_CONVERSION = YES;
				CLANG_WARN_INFINITE_RECURSION = YES;
				CLANG_WARN_INT_CONVERSION = YES;
				CLANG_WARN_NON_LITERAL_NULL_CONVERSION = YES;
				CLANG_WARN_OBJC_LITERAL_CONVERSION = YES;
				CLANG_WARN_OBJC_ROOT_CLASS = YES_ERROR;
				CLANG_WARN_RANGE_LOOP_ANALYSIS = YES;
				CLANG_WARN_STRICT_PROTOTYPES = YES;
				CLANG_WARN_SUSPICIOUS_MOVE = YES;
				CLANG_WARN_UNGUARDED_AVAILABILITY = YES_AGGRESSIVE;
				CLANG_WARN_UNREACHABLE_CODE = YES;
				CLANG_WARN__DUPLICATE_METHOD_MATCH = YES;
				CODE_SIGN_IDENTITY = "iPhone Developer";
				COPY_PHASE_STRIP = NO;
				DEBUG_INFORMATION_FORMAT = "dwarf-with-dsym";
				ENABLE_BITCODE = NO;
				ENABLE_NS_ASSERTIONS = NO;
				ENABLE_STRICT_OBJC_MSGSEND = YES;
				GCC_C_LANGUAGE_STANDARD = gnu11;
				GCC_NO_COMMON_BLOCKS = YES;
				GCC_WARN_64_TO_32_BIT_CONVERSION = YES;
				GCC_WARN_ABOUT_RETURN_TYPE = YES_ERROR;
				GCC_WARN_UNDECLARED_SELECTOR = YES;
				GCC_WARN_UNINITIALIZED_AUTOS = YES_AGGRESSIVE;
				GCC_WARN_UNUSED_FUNCTION = YES;
				GCC_WARN_UNUSED_VARIABLE = YES;
				IPHONEOS_DEPLOYMENT_TARGET = 15.0;
				MTL_ENABLE_DEBUG_INFO = NO;
				SDKROOT = iphoneos;
				SWIFT_COMPILATION_MODE = wholemodule;
				SWIFT_OPTIMIZATION_LEVEL = "-O";
				VALIDATE_PRODUCT = YES;
			};
			name = Release;
		};
		504EC3171FED79650016851F /* Debug */ = {
			isa = XCBuildConfiguration;
			baseConfigurationReference = 5CA3C1995500D8E91FB7772D /* Pods-App.debug.xcconfig */;
			buildSettings = {
				ASSETCATALOG_COMPILER_APPICON_NAME = AppIcon;
				CLANG_ENABLE_MODULES = YES;
				CODE_SIGN_ENTITLEMENTS = App/App.entitlements;
				CODE_SIGN_IDENTITY = "Apple Development";
				CODE_SIGN_STYLE = Automatic;
				CURRENT_PROJECT_VERSION = 1;
				DEVELOPMENT_TEAM = G3578K4W58;
				INFOPLIST_FILE = App/Info.plist;
				IPHONEOS_DEPLOYMENT_TARGET = 15.0;
				LD_RUNPATH_SEARCH_PATHS = (
					"$(inherited)",
					"@executable_path/Frameworks",
				);
				MARKETING_VERSION = 1.9.16;
				OTHER_SWIFT_FLAGS = "$(inherited) \"-D\" \"COCOAPODS\" \"-DDEBUG\"";
				PRODUCT_BUNDLE_IDENTIFIER = com.whoisup.app;
				PRODUCT_NAME = "$(TARGET_NAME)";
				PROVISIONING_PROFILE_SPECIFIER = "";
				SWIFT_ACTIVE_COMPILATION_CONDITIONS = DEBUG;
				SWIFT_OBJC_BRIDGING_HEADER = "App/App-Bridging-Header.h";
				SWIFT_OPTIMIZATION_LEVEL = "-Onone";
				SWIFT_VERSION = 5.0;
				TARGETED_DEVICE_FAMILY = "1,2";
			};
			name = Debug;
		};
		504EC3181FED79650016851F /* Release */ = {
			isa = XCBuildConfiguration;
			baseConfigurationReference = D70765C1FC7C2F834D68B5F2 /* Pods-App.release.xcconfig */;
			buildSettings = {
				ASSETCATALOG_COMPILER_APPICON_NAME = AppIcon;
				CLANG_ENABLE_MODULES = YES;
				CODE_SIGN_ENTITLEMENTS = App/AppRelease.entitlements;
				CODE_SIGN_IDENTITY = "Apple Development";
				CODE_SIGN_STYLE = Automatic;
				CURRENT_PROJECT_VERSION = 1;
				DEVELOPMENT_TEAM = G3578K4W58;
				INFOPLIST_FILE = App/Info.plist;
				IPHONEOS_DEPLOYMENT_TARGET = 15.0;
				LD_RUNPATH_SEARCH_PATHS = (
					"$(inherited)",
					"@executable_path/Frameworks",
				);
				MARKETING_VERSION = 1.9.16;
				PRODUCT_BUNDLE_IDENTIFIER = com.whoisup.app;
				PRODUCT_NAME = "$(TARGET_NAME)";
				PROVISIONING_PROFILE_SPECIFIER = "";
				SWIFT_ACTIVE_COMPILATION_CONDITIONS = "";
				SWIFT_OBJC_BRIDGING_HEADER = "App/App-Bridging-Header.h";
				SWIFT_VERSION = 5.0;
				TARGETED_DEVICE_FAMILY = "1,2";
			};
			name = Release;
		};
/* End XCBuildConfiguration section */

/* Begin XCConfigurationList section */
		504EC2FF1FED79650016851F /* Build configuration list for PBXProject "App" */ = {
			isa = XCConfigurationList;
			buildConfigurations = (
				504EC3141FED79650016851F /* Debug */,
				504EC3151FED79650016851F /* Release */,
			);
			defaultConfigurationIsVisible = 0;
			defaultConfigurationName = Release;
		};
		504EC3161FED79650016851F /* Build configuration list for PBXNativeTarget "App" */ = {
			isa = XCConfigurationList;
			buildConfigurations = (
				504EC3171FED79650016851F /* Debug */,
				504EC3181FED79650016851F /* Release */,
			);
			defaultConfigurationIsVisible = 0;
			defaultConfigurationName = Release;
		};
/* End XCConfigurationList section */

/* Begin XCSwiftPackageProductDependency section */
		D793A0B72D478809008AAD5A /* AmigosChat */ = {
			isa = XCSwiftPackageProductDependency;
			productName = AmigosChat;
		};
/* End XCSwiftPackageProductDependency section */
	};
	rootObject = 504EC2FC1FED79650016851F /* Project object */;
}
