{
  "pins" : [
    {
      "identity" : "facebook-ios-sdk",
      "kind" : "remoteSourceControl",
      "location" : "https://github.com/facebook/facebook-ios-sdk",
      "state" : {
        "revision" : "a77ba210bf6534564ad4027fce2fef65babfadf8",
        "version" : "18.0.1"
      }
    },
    {
      "identity" : "sdwebimage",
      "kind" : "remoteSourceControl",
      "location" : "https://github.com/SDWebImage/SDWebImage.git",
      "state" : {
        "revision" : "36e79ba485e9bb4d3cd4e3318908866dac5e7b51",
        "version" : "5.21.5"
      }
    },
    {
      "identity" : "sdwebimageswiftui",
      "kind" : "remoteSourceControl",
      "location" : "https://github.com/SDWebImage/SDWebImageSwiftUI",
      "state" : {
        "revision" : "451c6dfd5ecec2cf626d1d9ca81c2d4a60355172",
        "version" : "3.1.3"
      }
    },
    {
      "identity" : "stream-chat-swift",
      "kind" : "remoteSourceControl",
      "location" : "https://github.com/GetStream/stream-chat-swift",
      "state" : {
        "revision" : "61ee0eb8bf72dd55dbe3a7fb5221c096204d7ff1",
        "version" : "4.91.0"
      }
    },
    {
      "identity" : "stream-chat-swiftui",
      "kind" : "remoteSourceControl",
      "location" : "https://github.com/GetStream/stream-chat-swiftui",
      "state" : {
        "revision" : "5aa483aa9ba7c4d566086bf57ba9e2cdd896b817",
        "version" : "4.91.0"
      }
    },
    {
      "identity" : "swiftlintplugins",
      "kind" : "remoteSourceControl",
      "location" : "https://github.com/SimplyDanny/SwiftLintPlugins",
      "state" : {
        "revision" : "7a3d77f3dd9f91d5cea138e52c20cfceabf352de",
        "version" : "0.58.2"
      }
    }
  ],
  "version" : 2
}
