{
  "pins" : [
    {
      "identity" : "abseil-cpp-swiftpm",
      "kind" : "remoteSourceControl",
      "location" : "https://github.com/firebase/abseil-cpp-SwiftPM.git",
      "state" : {
        "revision" : "583de9bd60f66b40e78d08599cc92036c2e7e4e1",
        "version" : "0.20220203.2"
      }
    },
    {
      "identity" : "boringssl-swiftpm",
      "kind" : "remoteSourceControl",
      "location" : "https://github.com/firebase/boringssl-SwiftPM.git",
      "state" : {
        "revision" : "dd3eda2b05a3f459fc3073695ad1b28659066eab",
        "version" : "0.9.1"
      }
    },
    {
      "identity" : "capacitor-swift-pm",
      "kind" : "remoteSourceControl",
      "location" : "https://github.com/ionic-team/capacitor-swift-pm.git",
      "state" : {
        "revision" : "145cf37b8e3b240efef3d2d8a7262e621f08bb6f",
        "version" : "7.4.4"
      }
    },
    {
      "identity" : "facebook-ios-sdk",
      "kind" : "remoteSourceControl",
      "location" : "https://github.com/facebook/facebook-ios-sdk",
      "state" : {
        "revision" : "a77ba210bf6534564ad4027fce2fef65babfadf8",
        "version" : "18.0.1"
      }
    },
    {
      "identity" : "firebase-ios-sdk",
      "kind" : "remoteSourceControl",
      "location" : "https://github.com/firebase/firebase-ios-sdk",
      "state" : {
        "revision" : "dce2e1abc6c0d5e830ff1cffe3f8633fda64001e",
        "version" : "10.3.0"
      }
    },
    {
      "identity" : "googleappmeasurement",
      "kind" : "remoteSourceControl",
      "location" : "https://github.com/google/GoogleAppMeasurement.git",
      "state" : {
        "revision" : "71eb6700dd53a851473c48d392f00a3ab26699a6",
        "version" : "10.1.0"
      }
    },
    {
      "identity" : "googledatatransport",
      "kind" : "remoteSourceControl",
      "location" : "https://github.com/google/GoogleDataTransport.git",
      "state" : {
        "revision" : "a637d318ae7ae246b02d7305121275bc75ed5565",
        "version" : "9.4.0"
      }
    },
    {
      "identity" : "googleutilities",
      "kind" : "remoteSourceControl",
      "location" : "https://github.com/google/GoogleUtilities.git",
      "state" : {
        "revision" : "57a1d307f42df690fdef2637f3e5b776da02aad6",
        "version" : "7.13.3"
      }
    },
    {
      "identity" : "grpc-ios",
      "kind" : "remoteSourceControl",
      "location" : "https://github.com/grpc/grpc-ios.git",
      "state" : {
        "revision" : "8440b914756e0d26d4f4d054a1c1581daedfc5b6",
        "version" : "1.44.3-grpc"
      }
    },
    {
      "identity" : "gtm-session-fetcher",
      "kind" : "remoteSourceControl",
      "location" : "https://github.com/google/gtm-session-fetcher.git",
      "state" : {
        "revision" : "a2ab612cb980066ee56d90d60d8462992c07f24b",
        "version" : "3.5.0"
      }
    },
    {
      "identity" : "ion-ios-geolocation",
      "kind" : "remoteSourceControl",
      "location" : "https://github.com/ionic-team/ion-ios-geolocation.git",
      "state" : {
        "revision" : "aa1ff949ea4b3228e58c5b15e56ded4f155f4bc6",
        "version" : "1.0.2"
      }
    },
    {
      "identity" : "leveldb",
      "kind" : "remoteSourceControl",
      "location" : "https://github.com/firebase/leveldb.git",
      "state" : {
        "revision" : "a0bc79961d7be727d258d33d5a6b2f1023270ba1",
        "version" : "1.22.5"
      }
    },
    {
      "identity" : "nanopb",
      "kind" : "remoteSourceControl",
      "location" : "https://github.com/firebase/nanopb.git",
      "state" : {
        "revision" : "819d0a2173aff699fb8c364b6fb906f7cdb1a692",
        "version" : "2.30909.0"
      }
    },
    {
      "identity" : "promises",
      "kind" : "remoteSourceControl",
      "location" : "https://github.com/google/promises.git",
      "state" : {
        "revision" : "540318ecedd63d883069ae7f1ed811a2df00b6ac",
        "version" : "2.4.0"
      }
    },
    {
      "identity" : "sdwebimage",
      "kind" : "remoteSourceControl",
      "location" : "https://github.com/SDWebImage/SDWebImage.git",
      "state" : {
        "revision" : "2de3a496eaf6df9a1312862adcfd54acd73c39c0",
        "version" : "5.21.7"
      }
    },
    {
      "identity" : "sdwebimageswiftui",
      "kind" : "remoteSourceControl",
      "location" : "https://github.com/SDWebImage/SDWebImageSwiftUI",
      "state" : {
        "revision" : "451c6dfd5ecec2cf626d1d9ca81c2d4a60355172",
        "version" : "3.1.3"
      }
    },
    {
      "identity" : "stream-chat-swift",
      "kind" : "remoteSourceControl",
      "location" : "https://github.com/GetStream/stream-chat-swift",
      "state" : {
        "revision" : "61ee0eb8bf72dd55dbe3a7fb5221c096204d7ff1",
        "version" : "4.91.0"
      }
    },
    {
      "identity" : "stream-chat-swiftui",
      "kind" : "remoteSourceControl",
      "location" : "https://github.com/GetStream/stream-chat-swiftui",
      "state" : {
        "revision" : "5aa483aa9ba7c4d566086bf57ba9e2cdd896b817",
        "version" : "4.91.0"
      }
    },
    {
      "identity" : "swift-protobuf",
      "kind" : "remoteSourceControl",
      "location" : "https://github.com/apple/swift-protobuf.git",
      "state" : {
        "revision" : "a008af1a102ff3dd6cc3764bb69bf63226d0f5f6",
        "version" : "1.36.1"
      }
    },
    {
      "identity" : "swiftkeychainwrapper",
      "kind" : "remoteSourceControl",
      "location" : "https://github.com/jrendel/SwiftKeychainWrapper.git",
      "state" : {
        "revision" : "185a3165346a03767101c4f62e9a545a0fe0530f",
        "version" : "4.0.1"
      }
    },
    {
      "identity" : "swiftlintplugins",
      "kind" : "remoteSourceControl",
      "location" : "https://github.com/SimplyDanny/SwiftLintPlugins",
      "state" : {
        "revision" : "7a3d77f3dd9f91d5cea138e52c20cfceabf352de",
        "version" : "0.58.2"
      }
    }
  ],
  "version" : 2
}
